{
    "_readme": [
        "This file locks the dependencies of your project to a known state",
        "Read more about it at http://getcomposer.org/doc/01-basic-usage.md#composer-lock-the-lock-file"
    ],
    "hash": "c03e64c6391e56730f126a8d8b9675f8",
    "packages": [
        {
            "name": "crodas/influx-php",
            "version": "dev-master",
            "source": {
                "type": "git",
                "url": "https://github.com/crodas/InfluxPHP.git",
                "reference": "cb2d802d8361f8039233d6862abf1ccd4674b5dc"
            },
            "dist": {
                "type": "zip",
                "url": "https://api.github.com/repos/crodas/InfluxPHP/zipball/cb2d802d8361f8039233d6862abf1ccd4674b5dc",
                "reference": "cb2d802d8361f8039233d6862abf1ccd4674b5dc",
                "shasum": ""
            },
            "type": "library",
            "autoload": {
                "classmap": [
                    "lib/"
                ]
            },
            "notification-url": "https://packagist.org/downloads/",
            "license": [
                "BSD"
            ],
            "authors": [
                {
                    "name": "César D. Rodas",
                    "email": "crodas@php.net"
                }
            ],
            "description": "Simple client for InfluxDB",
            "time": "2014-02-12 15:42:03"
        }
    ],
    "packages-dev": [

    ],
    "aliases": [

    ],
    "minimum-stability": "dev",
    "stability-flags": [

    ],
    "platform": [

    ],
    "platform-dev": [

    ]
}
